// !$*UTF8*$!
{
	archiveVersion = 1;
	classes = {
	};
	objectVersion = 46;
	objects = {

/* Begin PBXBuildFile section */
		87A903241CDA423D00ACE601 /* AppDelegate.swift in Sources */ = {isa = PBXBuildFile; fileRef = 87A903231CDA423D00ACE601 /* AppDelegate.swift */; };
		87A903261CDA423D00ACE601 /* ViewController.swift in Sources */ = {isa = PBXBuildFile; fileRef = 87A903251CDA423D00ACE601 /* ViewController.swift */; };
		87A903291CDA423D00ACE601 /* Main.storyboard in Resources */ = {isa = PBXBuildFile; fileRef = 87A903271CDA423D00ACE601 /* Main.storyboard */; };
		87A9032B1CDA423D00ACE601 /* Assets.xcassets in Resources */ = {isa = PBXBuildFile; fileRef = 87A9032A1CDA423D00ACE601 /* Assets.xcassets */; };
		87A9032E1CDA423D00ACE601 /* LaunchScreen.storyboard in Resources */ = {isa = PBXBuildFile; fileRef = 87A9032C1CDA423D00ACE601 /* LaunchScreen.storyboard */; };
		87A903391CDA423D00ACE601 /* MyFirstAppTests.swift in Sources */ = {isa = PBXBuildFile; fileRef = 87A903381CDA423D00ACE601 /* MyFirstAppTests.swift */; };
		87A903441CDA423D00ACE601 /* MyFirstAppUITests.swift in Sources */ = {isa = PBXBuildFile; fileRef = 87A903431CDA423D00ACE601 /* MyFirstAppUITests.swift */; };
/* End PBXBuildFile section */

/* Begin PBXContainerItemProxy section */
		87A903351CDA423D00ACE601 /* PBXContainerItemProxy */ = {
			isa = PBXContainerItemProxy;
			containerPortal = 87A903181CDA423D00ACE601 /* Project object */;
			proxyType = 1;
			remoteGlobalIDString = 87A9031F1CDA423D00ACE601;
			remoteInfo = MyFirstApp;
		};
		87A903401CDA423D00ACE601 /* PBXContainerItemProxy */ = {
			isa = PBXContainerItemProxy;
			containerPortal = 87A903181CDA423D00ACE601 /* Project object */;
			proxyType = 1;
			remoteGlobalIDString = 87A9031F1CDA423D00ACE601;
			remoteInfo = MyFirstApp;
		};
/* End PBXContainerItemProxy section */

/* Begin PBXFileReference section */
		87A903201CDA423D00ACE601 /* MyFirstApp.app */ = {isa = PBXFileReference; explicitFileType = wrapper.application; includeInIndex = 0; path = MyFirstApp.app; sourceTree = BUILT_PRODUCTS_DIR; };
		87A903231CDA423D00ACE601 /* AppDelegate.swift */ = {isa = PBXFileReference; lastKnownFileType = sourcecode.swift; path = AppDelegate.swift; sourceTree = "<group>"; };
		87A903251CDA423D00ACE601 /* ViewController.swift */ = {isa = PBXFileReference; lastKnownFileType = sourcecode.swift; path = ViewController.swift; sourceTree = "<group>"; };
		87A903281CDA423D00ACE601 /* Base */ = {isa = PBXFileReference; lastKnownFileType = file.storyboard; name = Base; path = Base.lproj/Main.storyboard; sourceTree = "<group>"; };
		87A9032A1CDA423D00ACE601 /* Assets.xcassets */ = {isa = PBXFileReference; lastKnownFileType = folder.assetcatalog; path = Assets.xcassets; sourceTree = "<group>"; };
		87A9032D1CDA423D00ACE601 /* Base */ = {isa = PBXFileReference; lastKnownFileType = file.storyboard; name = Base; path = Base.lproj/LaunchScreen.storyboard; sourceTree = "<group>"; };
		87A9032F1CDA423D00ACE601 /* Info.plist */ = {isa = PBXFileReference; lastKnownFileType = text.plist.xml; path = Info.plist; sourceTree = "<group>"; };
		87A903341CDA423D00ACE601 /* MyFirstAppTests.xctest */ = {isa = PBXFileReference; explicitFileType = wrapper.cfbundle; includeInIndex = 0; path = MyFirstAppTests.xctest; sourceTree = BUILT_PRODUCTS_DIR; };
		87A903381CDA423D00ACE601 /* MyFirstAppTests.swift */ = {isa = PBXFileReference; lastKnownFileType = sourcecode.swift; path = MyFirstAppTests.swift; sourceTree = "<group>"; };
		87A9033A1CDA423D00ACE601 /* Info.plist */ = {isa = PBXFileReference; lastKnownFileType = text.plist.xml; path = Info.plist; sourceTree = "<group>"; };
		87A9033F1CDA423D00ACE601 /* MyFirstAppUITests.xctest */ = {isa = PBXFileReference; explicitFileType = wrapper.cfbundle; includeInIndex = 0; path = MyFirstAppUITests.xctest; sourceTree = BUILT_PRODUCTS_DIR; };
		87A903431CDA423D00ACE601 /* MyFirstAppUITests.swift */ = {isa = PBXFileReference; lastKnownFileType = sourcecode.swift; path = MyFirstAppUITests.swift; sourceTree = "<group>"; };
		87A903451CDA423D00ACE601 /* Info.plist */ = {isa = PBXFileReference; lastKnownFileType = text.plist.xml; path = Info.plist; sourceTree = "<group>"; };
/* End PBXFileReference section */

/* Begin PBXFrameworksBuildPhase section */
		87A9031D1CDA423D00ACE601 /* Frameworks */ = {
			isa = PBXFrameworksBuildPhase;
			buildActionMask = 2147483647;
			files = (
			);
			runOnlyForDeploymentPostprocessing = 0;
		};
		87A903311CDA423D00ACE601 /* Frameworks */ = {
			isa = PBXFrameworksBuildPhase;
			buildActionMask = 2147483647;
			files = (
			);
			runOnlyForDeploymentPostprocessing = 0;
		};
		87A9033C1CDA423D00ACE601 /* Frameworks */ = {
			isa = PBXFrameworksBuildPhase;
			buildActionMask = 2147483647;
			files = (
			);
			runOnlyForDeploymentPostprocessing = 0;
		};
/* End PBXFrameworksBuildPhase section */

/* Begin PBXGroup section */
		87A903171CDA423D00ACE601 = {
			isa = PBXGroup;
			children = (
				87A903221CDA423D00ACE601 /* MyFirstApp */,
				87A903371CDA423D00ACE601 /* MyFirstAppTests */,
				87A903421CDA423D00ACE601 /* MyFirstAppUITests */,
				87A903211CDA423D00ACE601 /* Products */,
			);
			sourceTree = "<group>";
		};
		87A903211CDA423D00ACE601 /* Products */ = {
			isa = PBXGroup;
			children = (
				87A903201CDA423D00ACE601 /* MyFirstApp.app */,
				87A903341CDA423D00ACE601 /* MyFirstAppTests.xctest */,
				87A9033F1CDA423D00ACE601 /* MyFirstAppUITests.xctest */,
			);
			name = Products;
			sourceTree = "<group>";
		};
		87A903221CDA423D00ACE601 /* MyFirstApp */ = {
			isa = PBXGroup;
			children = (
				87A903231CDA423D00ACE601 /* AppDelegate.swift */,
				87A903251CDA423D00ACE601 /* ViewController.swift */,
				87A903271CDA423D00ACE601 /* Main.storyboard */,
				87A9032A1CDA423D00ACE601 /* Assets.xcassets */,
				87A9032C1CDA423D00ACE601 /* LaunchScreen.storyboard */,
				87A9032F1CDA423D00ACE601 /* Info.plist */,
			);
			path = MyFirstApp;
			sourceTree = "<group>";
		};
		87A903371CDA423D00ACE601 /* MyFirstAppTests */ = {
			isa = PBXGroup;
			children = (
				87A903381CDA423D00ACE601 /* MyFirstAppTests.swift */,
				87A9033A1CDA423D00ACE601 /* Info.plist */,
			);
			path = MyFirstAppTests;
			sourceTree = "<group>";
		};
		87A903421CDA423D00ACE601 /* MyFirstAppUITests */ = {
			isa = PBXGroup;
			children = (
				87A903431CDA423D00ACE601 /* MyFirstAppUITests.swift */,
				87A903451CDA423D00ACE601 /* Info.plist */,
			);
			path = MyFirstAppUITests;
			sourceTree = "<group>";
		};
/* End PBXGroup section */

/* Begin PBXNativeTarget section */
		87A9031F1CDA423D00ACE601 /* MyFirstApp */ = {
			isa = PBXNativeTarget;
			buildConfigurationList = 87A903481CDA423D00ACE601 /* Build configuration list for PBXNativeTarget "MyFirstApp" */;
			buildPhases = (
				87A9031C1CDA423D00ACE601 /* Sources */,
				87A9031D1CDA423D00ACE601 /* Frameworks */,
				87A9031E1CDA423D00ACE601 /* Resources */,
			);
			buildRules = (
			);
			dependencies = (
			);
			name = MyFirstApp;
			productName = MyFirstApp;
			productReference = 87A903201CDA423D00ACE601 /* MyFirstApp.app */;
			productType = "com.apple.product-type.application";
		};
		87A903331CDA423D00ACE601 /* MyFirstAppTests */ = {
			isa = PBXNativeTarget;
			buildConfigurationList = 87A9034B1CDA423D00ACE601 /* Build configuration list for PBXNativeTarget "MyFirstAppTests" */;
			buildPhases = (
				87A903301CDA423D00ACE601 /* Sources */,
				87A903311CDA423D00ACE601 /* Frameworks */,
				87A903321CDA423D00ACE601 /* Resources */,
			);
			buildRules = (
			);
			dependencies = (
				87A903361CDA423D00ACE601 /* PBXTargetDependency */,
			);
			name = MyFirstAppTests;
			productName = MyFirstAppTests;
			productReference = 87A903341CDA423D00ACE601 /* MyFirstAppTests.xctest */;
			productType = "com.apple.product-type.bundle.unit-test";
		};
		87A9033E1CDA423D00ACE601 /* MyFirstAppUITests */ = {
			isa = PBXNativeTarget;
			buildConfigurationList = 87A9034E1CDA423D00ACE601 /* Build configuration list for PBXNativeTarget "MyFirstAppUITests" */;
			buildPhases = (
				87A9033B1CDA423D00ACE601 /* Sources */,
				87A9033C1CDA423D00ACE601 /* Frameworks */,
				87A9033D1CDA423D00ACE601 /* Resources */,
			);
			buildRules = (
			);
			dependencies = (
				87A903411CDA423D00ACE601 /* PBXTargetDependency */,
			);
			name = MyFirstAppUITests;
			productName = MyFirstAppUITests;
			productReference = 87A9033F1CDA423D00ACE601 /* MyFirstAppUITests.xctest */;
			productType = "com.apple.product-type.bundle.ui-testing";
		};
/* End PBXNativeTarget section */

/* Begin PBXProject section */
		87A903181CDA423D00ACE601 /* Project object */ = {
			isa = PBXProject;
			attributes = {
				LastSwiftUpdateCheck = 0730;
				LastUpgradeCheck = 0730;
				ORGANIZATIONNAME = "roopesh kumar";
				TargetAttributes = {
					87A9031F1CDA423D00ACE601 = {
						CreatedOnToolsVersion = 7.3;
					};
					87A903331CDA423D00ACE601 = {
						CreatedOnToolsVersion = 7.3;
						TestTargetID = 87A9031F1CDA423D00ACE601;
					};
					87A9033E1CDA423D00ACE601 = {
						CreatedOnToolsVersion = 7.3;
						TestTargetID = 87A9031F1CDA423D00ACE601;
					};
				};
			};
			buildConfigurationList = 87A9031B1CDA423D00ACE601 /* Build configuration list for PBXProject "MyFirstApp" */;
			compatibilityVersion = "Xcode 3.2";
			developmentRegion = English;
			hasScannedForEncodings = 0;
			knownRegions = (
				en,
				Base,
			);
			mainGroup = 87A903171CDA423D00ACE601;
			productRefGroup = 87A903211CDA423D00ACE601 /* Products */;
			projectDirPath = "";
			projectRoot = "";
			targets = (
				87A9031F1CDA423D00ACE601 /* MyFirstApp */,
				87A903331CDA423D00ACE601 /* MyFirstAppTests */,
				87A9033E1CDA423D00ACE601 /* MyFirstAppUITests */,
			);
		};
/* End PBXProject section */

/* Begin PBXResourcesBuildPhase section */
		87A9031E1CDA423D00ACE601 /* Resources */ = {
			isa = PBXResourcesBuildPhase;
			buildActionMask = 2147483647;
			files = (
				87A9032E1CDA423D00ACE601 /* LaunchScreen.storyboard in Resources */,
				87A9032B1CDA423D00ACE601 /* Assets.xcassets in Resources */,
				87A903291CDA423D00ACE601 /* Main.storyboard in Resources */,
			);
			runOnlyForDeploymentPostprocessing = 0;
		};
		87A903321CDA423D00ACE601 /* Resources */ = {
			isa = PBXResourcesBuildPhase;
			buildActionMask = 2147483647;
			files = (
			);
			runOnlyForDeploymentPostprocessing = 0;
		};
		87A9033D1CDA423D00ACE601 /* Resources */ = {
			isa = PBXResourcesBuildPhase;
			buildActionMask = 2147483647;
			files = (
			);
			runOnlyForDeploymentPostprocessing = 0;
		};
/* End PBXResourcesBuildPhase section */

/* Begin PBXSourcesBuildPhase section */
		87A9031C1CDA423D00ACE601 /* Sources */ = {
			isa = PBXSourcesBuildPhase;
			buildActionMask = 2147483647;
			files = (
				87A903261CDA423D00ACE601 /* ViewController.swift in Sources */,
				87A903241CDA423D00ACE601 /* AppDelegate.swift in Sources */,
			);
			runOnlyForDeploymentPostprocessing = 0;
		};
		87A903301CDA423D00ACE601 /* Sources */ = {
			isa = PBXSourcesBuildPhase;
			buildActionMask = 2147483647;
			files = (
				87A903391CDA423D00ACE601 /* MyFirstAppTests.swift in Sources */,
			);
			runOnlyForDeploymentPostprocessing = 0;
		};
		87A9033B1CDA423D00ACE601 /* Sources */ = {
			isa = PBXSourcesBuildPhase;
			buildActionMask = 2147483647;
			files = (
				87A903441CDA423D00ACE601 /* MyFirstAppUITests.swift in Sources */,
			);
			runOnlyForDeploymentPostprocessing = 0;
		};
/* End PBXSourcesBuildPhase section */

/* Begin PBXTargetDependency section */
		87A903361CDA423D00ACE601 /* PBXTargetDependency */ = {
			isa = PBXTargetDependency;
			target = 87A9031F1CDA423D00ACE601 /* MyFirstApp */;
			targetProxy = 87A903351CDA423D00ACE601 /* PBXContainerItemProxy */;
		};
		87A903411CDA423D00ACE601 /* PBXTargetDependency */ = {
			isa = PBXTargetDependency;
			target = 87A9031F1CDA423D00ACE601 /* MyFirstApp */;
			targetProxy = 87A903401CDA423D00ACE601 /* PBXContainerItemProxy */;
		};
/* End PBXTargetDependency section */

/* Begin PBXVariantGroup section */
		87A903271CDA423D00ACE601 /* Main.storyboard */ = {
			isa = PBXVariantGroup;
			children = (
				87A903281CDA423D00ACE601 /* Base */,
			);
			name = Main.storyboard;
			sourceTree = "<group>";
		};
		87A9032C1CDA423D00ACE601 /* LaunchScreen.storyboard */ = {
			isa = PBXVariantGroup;
			children = (
				87A9032D1CDA423D00ACE601 /* Base */,
			);
			name = LaunchScreen.storyboard;
			sourceTree = "<group>";
		};
/* End PBXVariantGroup section */

/* Begin XCBuildConfiguration section */
		87A903461CDA423D00ACE601 /* Debug */ = {
			isa = XCBuildConfiguration;
			buildSettings = {
				ALWAYS_SEARCH_USER_PATHS = NO;
				CLANG_ANALYZER_NONNULL = YES;
				CLANG_CXX_LANGUAGE_STANDARD = "gnu++0x";
				CLANG_CXX_LIBRARY = "libc++";
				CLANG_ENABLE_MODULES = YES;
				CLANG_ENABLE_OBJC_ARC = YES;
				CLANG_WARN_BOOL_CONVERSION = YES;
				CLANG_WARN_CONSTANT_CONVERSION = YES;
				CLANG_WARN_DIRECT_OBJC_ISA_USAGE = YES_ERROR;
				CLANG_WARN_EMPTY_BODY = YES;
				CLANG_WARN_ENUM_CONVERSION = YES;
				CLANG_WARN_INT_CONVERSION = YES;
				CLANG_WARN_OBJC_ROOT_CLASS = YES_ERROR;
				CLANG_WARN_UNREACHABLE_CODE = YES;
				CLANG_WARN__DUPLICATE_METHOD_MATCH = YES;
				"CODE_SIGN_IDENTITY[sdk=iphoneos*]" = "iPhone Developer";
				COPY_PHASE_STRIP = NO;
				DEBUG_INFORMATION_FORMAT = dwarf;
				ENABLE_STRICT_OBJC_MSGSEND = YES;
				ENABLE_TESTABILITY = YES;
				GCC_C_LANGUAGE_STANDARD = gnu99;
				GCC_DYNAMIC_NO_PIC = NO;
				GCC_NO_COMMON_BLOCKS = YES;
				GCC_OPTIMIZATION_LEVEL = 0;
				GCC_PREPROCESSOR_DEFINITIONS = (
					"DEBUG=1",
					"$(inherited)",
				);
				GCC_WARN_64_TO_32_BIT_CONVERSION = YES;
				GCC_WARN_ABOUT_RETURN_TYPE = YES_ERROR;
				GCC_WARN_UNDECLARED_SELECTOR = YES;
				GCC_WARN_UNINITIALIZED_AUTOS = YES_AGGRESSIVE;
				GCC_WARN_UNUSED_FUNCTION = YES;
				GCC_WARN_UNUSED_VARIABLE = YES;
				IPHONEOS_DEPLOYMENT_TARGET = 9.3;
				MTL_ENABLE_DEBUG_INFO = YES;
				ONLY_ACTIVE_ARCH = YES;
				SDKROOT = iphoneos;
				SWIFT_OPTIMIZATION_LEVEL = "-Onone";
				TARGETED_DEVICE_FAMILY = "1,2";
			};
			name = Debug;
		};
		87A903471CDA423D00ACE601 /* Release */ = {
			isa = XCBuildConfiguration;
			buildSettings = {
				ALWAYS_SEARCH_USER_PATHS = NO;
				CLANG_ANALYZER_NONNULL = YES;
				CLANG_CXX_LANGUAGE_STANDARD = "gnu++0x";
				CLANG_CXX_LIBRARY = "libc++";
				CLANG_ENABLE_MODULES = YES;
				CLANG_ENABLE_OBJC_ARC = YES;
				CLANG_WARN_BOOL_CONVERSION = YES;
				CLANG_WARN_CONSTANT_CONVERSION = YES;
				CLANG_WARN_DIRECT_OBJC_ISA_USAGE = YES_ERROR;
				CLANG_WARN_EMPTY_BODY = YES;
				CLANG_WARN_ENUM_CONVERSION = YES;
				CLANG_WARN_INT_CONVERSION = YES;
				CLANG_WARN_OBJC_ROOT_CLASS = YES_ERROR;
				CLANG_WARN_UNREACHABLE_CODE = YES;
				CLANG_WARN__DUPLICATE_METHOD_MATCH = YES;
				"CODE_SIGN_IDENTITY[sdk=iphoneos*]" = "iPhone Developer";
				COPY_PHASE_STRIP = NO;
				DEBUG_INFORMATION_FORMAT = "dwarf-with-dsym";
				ENABLE_NS_ASSERTIONS = NO;
				ENABLE_STRICT_OBJC_MSGSEND = YES;
				GCC_C_LANGUAGE_STANDARD = gnu99;
				GCC_NO_COMMON_BLOCKS = YES;
				GCC_WARN_64_TO_32_BIT_CONVERSION = YES;
				GCC_WARN_ABOUT_RETURN_TYPE = YES_ERROR;
				GCC_WARN_UNDECLARED_SELECTOR = YES;
				GCC_WARN_UNINITIALIZED_AUTOS = YES_AGGRESSIVE;
				GCC_WARN_UNUSED_FUNCTION = YES;
				GCC_WARN_UNUSED_VARIABLE = YES;
				IPHONEOS_DEPLOYMENT_TARGET = 9.3;
				MTL_ENABLE_DEBUG_INFO = NO;
				SDKROOT = iphoneos;
				TARGETED_DEVICE_FAMILY = "1,2";
				VALIDATE_PRODUCT = YES;
			};
			name = Release;
		};
		87A903491CDA423D00ACE601 /* Debug */ = {
			isa = XCBuildConfiguration;
			buildSettings = {
				ASSETCATALOG_COMPILER_APPICON_NAME = AppIcon;
				INFOPLIST_FILE = MyFirstApp/Info.plist;
				LD_RUNPATH_SEARCH_PATHS = "$(inherited) @executable_path/Frameworks";
				PRODUCT_BUNDLE_IDENTIFIER = com.roopeh.MyFirstApp;
				PRODUCT_NAME = "$(TARGET_NAME)";
			};
			name = Debug;
		};
		87A9034A1CDA423D00ACE601 /* Release */ = {
			isa = XCBuildConfiguration;
			buildSettings = {
				ASSETCATALOG_COMPILER_APPICON_NAME = AppIcon;
				INFOPLIST_FILE = MyFirstApp/Info.plist;
				LD_RUNPATH_SEARCH_PATHS = "$(inherited) @executable_path/Frameworks";
				PRODUCT_BUNDLE_IDENTIFIER = com.roopeh.MyFirstApp;
				PRODUCT_NAME = "$(TARGET_NAME)";
			};
			name = Release;
		};
		87A9034C1CDA423D00ACE601 /* Debug */ = {
			isa = XCBuildConfiguration;
			buildSettings = {
				BUNDLE_LOADER = "$(TEST_HOST)";
				INFOPLIST_FILE = MyFirstAppTests/Info.plist;
				LD_RUNPATH_SEARCH_PATHS = "$(inherited) @executable_path/Frameworks @loader_path/Frameworks";
				PRODUCT_BUNDLE_IDENTIFIER = com.roopeh.MyFirstAppTests;
				PRODUCT_NAME = "$(TARGET_NAME)";
				TEST_HOST = "$(BUILT_PRODUCTS_DIR)/MyFirstApp.app/MyFirstApp";
			};
			name = Debug;
		};
		87A9034D1CDA423D00ACE601 /* Release */ = {
			isa = XCBuildConfiguration;
			buildSettings = {
				BUNDLE_LOADER = "$(TEST_HOST)";
				INFOPLIST_FILE = MyFirstAppTests/Info.plist;
				LD_RUNPATH_SEARCH_PATHS = "$(inherited) @executable_path/Frameworks @loader_path/Frameworks";
				PRODUCT_BUNDLE_IDENTIFIER = com.roopeh.MyFirstAppTests;
				PRODUCT_NAME = "$(TARGET_NAME)";
				TEST_HOST = "$(BUILT_PRODUCTS_DIR)/MyFirstApp.app/MyFirstApp";
			};
			name = Release;
		};
		87A9034F1CDA423D00ACE601 /* Debug */ = {
			isa = XCBuildConfiguration;
			buildSettings = {
				INFOPLIST_FILE = MyFirstAppUITests/Info.plist;
				LD_RUNPATH_SEARCH_PATHS = "$(inherited) @executable_path/Frameworks @loader_path/Frameworks";
				PRODUCT_BUNDLE_IDENTIFIER = com.roopeh.MyFirstAppUITests;
				PRODUCT_NAME = "$(TARGET_NAME)";
				TEST_TARGET_NAME = MyFirstApp;
			};
			name = Debug;
		};
		87A903501CDA423D00ACE601 /* Release */ = {
			isa = XCBuildConfiguration;
			buildSettings = {
				INFOPLIST_FILE = MyFirstAppUITests/Info.plist;
				LD_RUNPATH_SEARCH_PATHS = "$(inherited) @executable_path/Frameworks @loader_path/Frameworks";
				PRODUCT_BUNDLE_IDENTIFIER = com.roopeh.MyFirstAppUITests;
				PRODUCT_NAME = "$(TARGET_NAME)";
				TEST_TARGET_NAME = MyFirstApp;
			};
			name = Release;
		};
/* End XCBuildConfiguration section */

/* Begin XCConfigurationList section */
		87A9031B1CDA423D00ACE601 /* Build configuration list for PBXProject "MyFirstApp" */ = {
			isa = XCConfigurationList;
			buildConfigurations = (
				87A903461CDA423D00ACE601 /* Debug */,
				87A903471CDA423D00ACE601 /* Release */,
			);
			defaultConfigurationIsVisible = 0;
			defaultConfigurationName = Release;
		};
		87A903481CDA423D00ACE601 /* Build configuration list for PBXNativeTarget "MyFirstApp" */ = {
			isa = XCConfigurationList;
			buildConfigurations = (
				87A903491CDA423D00ACE601 /* Debug */,
				87A9034A1CDA423D00ACE601 /* Release */,
			);
			defaultConfigurationIsVisible = 0;
		};
		87A9034B1CDA423D00ACE601 /* Build configuration list for PBXNativeTarget "MyFirstAppTests" */ = {
			isa = XCConfigurationList;
			buildConfigurations = (
				87A9034C1CDA423D00ACE601 /* Debug */,
				87A9034D1CDA423D00ACE601 /* Release */,
			);
			defaultConfigurationIsVisible = 0;
		};
		87A9034E1CDA423D00ACE601 /* Build configuration list for PBXNativeTarget "MyFirstAppUITests" */ = {
			isa = XCConfigurationList;
			buildConfigurations = (
				87A9034F1CDA423D00ACE601 /* Debug */,
				87A903501CDA423D00ACE601 /* Release */,
			);
			defaultConfigurationIsVisible = 0;
		};
/* End XCConfigurationList section */
	};
	rootObject = 87A903181CDA423D00ACE601 /* Project object */;
}
